
Microsoft Visual Studio Solution File, Format Version 12.00
# Visual Studio Version 17
VisualStudioVersion = 17.11.35222.181
MinimumVisualStudioVersion = 10.0.40219.1
Project("{FAE04EC0-301F-11D3-BF4B-00C04F79EFBC}") = "OpenCVForms", "OpenCVForms\OpenCVForms.csproj", "{9ED02713-17FD-4553-ABB7-90E07B5DB869}"
EndProject
Global
	GlobalSection(SolutionConfigurationPlatforms) = preSolution
		Debug|Any CPU = Debug|Any CPU
		Release|Any CPU = Release|Any CPU
	EndGlobalSection
	GlobalSection(ProjectConfigurationPlatforms) = postSolution
		{9ED02713-17FD-4553-ABB7-90E07B5DB869}.Debug|Any CPU.ActiveCfg = Debug|Any CPU
		{9ED02713-17FD-4553-ABB7-90E07B5DB869}.Debug|Any CPU.Build.0 = Debug|Any CPU
		{9ED02713-17FD-4553-ABB7-90E07B5DB869}.Release|Any CPU.ActiveCfg = Release|Any CPU
		{9ED02713-17FD-4553-ABB7-90E07B5DB869}.Release|Any CPU.Build.0 = Release|Any CPU
	EndGlobalSection
	GlobalSection(SolutionProperties) = preSolution
		HideSolutionNode = FALSE
	EndGlobalSection
	GlobalSection(ExtensibilityGlobals) = postSolution
		SolutionGuid = {C153CB23-0004-4B14-AD08-897CFC7CD1A1}
	EndGlobalSection
EndGlobal
